
Microsoft Visual Studio Solution File, Format Version 12.00
# Visual Studio Version 16
VisualStudioVersion = 16.0.29424.173
MinimumVisualStudioVersion = 10.0.40219.1
Project("{8BC9CEB8-8B4A-11D0-8D11-00A0C91BC942}") = "TEST", "TEST\TEST.vcxproj", "{D0481C8D-589E-4A58-B416-15ED66722CE6}"
EndProject
Project("{8BC9CEB8-8B4A-11D0-8D11-00A0C91BC942}") = "KUnityGenerator", "KUnityGenerator\KUnityGenerator.vcxproj", "{913C5A90-909B-4889-8D4F-1B946972A50D}"
EndProject
Project("{8BC9CEB8-8B4A-11D0-8D11-00A0C91BC942}") = "KCore", "KCore\KCore.vcxproj", "{5A5DB68C-459F-4A8F-9E80-D7F2FFE2E1F9}"
	ProjectSection(ProjectDependencies) = postProject
		{96019C78-C4AC-4704-9DC9-AEB0D5F7DAAB} = {96019C78-C4AC-4704-9DC9-AEB0D5F7DAAB}
	EndProjectSection
EndProject
Project("{8BC9CEB8-8B4A-11D0-8D11-00A0C91BC942}") = "190904_Circus", "190904_Circus\190904_Circus.vcxproj", "{58E05D67-EF58-4D94-8A31-D26B87AE4FEE}"
	ProjectSection(ProjectDependencies) = postProject
		{96019C78-C4AC-4704-9DC9-AEB0D5F7DAAB} = {96019C78-C4AC-4704-9DC9-AEB0D5F7DAAB}
		{5A5DB68C-459F-4A8F-9E80-D7F2FFE2E1F9} = {5A5DB68C-459F-4A8F-9E80-D7F2FFE2E1F9}
	EndProjectSection
EndProject
Project("{8BC9CEB8-8B4A-11D0-8D11-00A0C91BC942}") = "190909_BattleCityEditor", "190909_BattleCityEditor\190909_BattleCityEditor.vcxproj", "{8203429B-CC82-4835-B1DE-E441FC88F6EF}"
	ProjectSection(ProjectDependencies) = postProject
		{96019C78-C4AC-4704-9DC9-AEB0D5F7DAAB} = {96019C78-C4AC-4704-9DC9-AEB0D5F7DAAB}
	EndProjectSection
EndProject
Project("{8BC9CEB8-8B4A-11D0-8D11-00A0C91BC942}") = "190909_BattleContainer", "190909_BattleContainer\190909_BattleContainer.vcxproj", "{63D49820-8F35-466B-BFFA-23233E324874}"
EndProject
Project("{8BC9CEB8-8B4A-11D0-8D11-00A0C91BC942}") = "190911_BattleCity", "190911_BattleCity\190911_BattleCity.vcxproj", "{A8EB727B-70DC-4113-917C-67145FC7A404}"
	ProjectSection(ProjectDependencies) = postProject
		{96019C78-C4AC-4704-9DC9-AEB0D5F7DAAB} = {96019C78-C4AC-4704-9DC9-AEB0D5F7DAAB}
		{5A5DB68C-459F-4A8F-9E80-D7F2FFE2E1F9} = {5A5DB68C-459F-4A8F-9E80-D7F2FFE2E1F9}
	EndProjectSection
EndProject
Project("{8BC9CEB8-8B4A-11D0-8D11-00A0C91BC942}") = "STLTEST", "STLTEST\STLTEST.vcxproj", "{F6704666-CCB7-4B36-AF31-1D5A32ED5AF3}"
EndProject
Project("{8BC9CEB8-8B4A-11D0-8D11-00A0C91BC942}") = "GRAMMARTEST", "GRAMMARTEST\GRAMMARTEST.vcxproj", "{3EE32BF3-CEC7-4B95-A2BE-7801AAC1CC2A}"
EndProject
Project("{8BC9CEB8-8B4A-11D0-8D11-00A0C91BC942}") = "WINDOWTEST", "WINDOWTEST\WINDOWTEST.vcxproj", "{8DFEE3BF-6132-4ECE-881E-926723EDFFA6}"
EndProject
Project("{8BC9CEB8-8B4A-11D0-8D11-00A0C91BC942}") = "KCoreTestProject", "KCoreTestProject\KCoreTestProject.vcxproj", "{415D9CDE-037D-4ACD-A75A-A653011D1C92}"
	ProjectSection(ProjectDependencies) = postProject
		{96019C78-C4AC-4704-9DC9-AEB0D5F7DAAB} = {96019C78-C4AC-4704-9DC9-AEB0D5F7DAAB}
		{5A5DB68C-459F-4A8F-9E80-D7F2FFE2E1F9} = {5A5DB68C-459F-4A8F-9E80-D7F2FFE2E1F9}
	EndProjectSection
EndProject
Project("{8BC9CEB8-8B4A-11D0-8D11-00A0C91BC942}") = "KContainer", "..\KContainer1_0\KContainer.vcxproj", "{96019C78-C4AC-4704-9DC9-AEB0D5F7DAAB}"
EndProject
Project("{8BC9CEB8-8B4A-11D0-8D11-00A0C91BC942}") = "KUnityPerformerWindow", "KUnityPerformerWindow\KUnityPerformerWindow.vcxproj", "{1131DE89-07A4-4F81-977C-D545A37D2162}"
	ProjectSection(ProjectDependencies) = postProject
		{96019C78-C4AC-4704-9DC9-AEB0D5F7DAAB} = {96019C78-C4AC-4704-9DC9-AEB0D5F7DAAB}
	EndProjectSection
EndProject
Project("{8BC9CEB8-8B4A-11D0-8D11-00A0C91BC942}") = "GM_CinemaMaker", "GM_CinemaMaker\GM_CinemaMaker.vcxproj", "{75702544-C490-4CDA-A483-31FD3070AACD}"
	ProjectSection(ProjectDependencies) = postProject
		{96019C78-C4AC-4704-9DC9-AEB0D5F7DAAB} = {96019C78-C4AC-4704-9DC9-AEB0D5F7DAAB}
		{5A5DB68C-459F-4A8F-9E80-D7F2FFE2E1F9} = {5A5DB68C-459F-4A8F-9E80-D7F2FFE2E1F9}
	EndProjectSection
EndProject
Project("{9A19103F-16F7-4668-BE54-9A1E7A4F7556}") = "TestForm", "TestForm\TestForm.csproj", "{942905AB-F8C3-4941-ABA8-181989ACC12C}"
EndProject
Project("{8BC9CEB8-8B4A-11D0-8D11-00A0C91BC942}") = "KCoreClr", "KCoreClr\KCoreClr.vcxproj", "{2C4F12BD-D56F-434A-A938-689C9C92D6F4}"
	ProjectSection(ProjectDependencies) = postProject
		{5A5DB68C-459F-4A8F-9E80-D7F2FFE2E1F9} = {5A5DB68C-459F-4A8F-9E80-D7F2FFE2E1F9}
	EndProjectSection
EndProject
Global
	GlobalSection(SolutionConfigurationPlatforms) = preSolution
		Debug|Any CPU = Debug|Any CPU
		Debug|x64 = Debug|x64
		Debug|x86 = Debug|x86
		Release|Any CPU = Release|Any CPU
		Release|x64 = Release|x64
		Release|x86 = Release|x86
	EndGlobalSection
	GlobalSection(ProjectConfigurationPlatforms) = postSolution
		{D0481C8D-589E-4A58-B416-15ED66722CE6}.Debug|Any CPU.ActiveCfg = Debug|Win32
		{D0481C8D-589E-4A58-B416-15ED66722CE6}.Debug|x64.ActiveCfg = Debug|x64
		{D0481C8D-589E-4A58-B416-15ED66722CE6}.Debug|x64.Build.0 = Debug|x64
		{D0481C8D-589E-4A58-B416-15ED66722CE6}.Debug|x86.ActiveCfg = Debug|Win32
		{D0481C8D-589E-4A58-B416-15ED66722CE6}.Debug|x86.Build.0 = Debug|Win32
		{D0481C8D-589E-4A58-B416-15ED66722CE6}.Release|Any CPU.ActiveCfg = Release|Win32
		{D0481C8D-589E-4A58-B416-15ED66722CE6}.Release|x64.ActiveCfg = Release|x64
		{D0481C8D-589E-4A58-B416-15ED66722CE6}.Release|x64.Build.0 = Release|x64
		{D0481C8D-589E-4A58-B416-15ED66722CE6}.Release|x86.ActiveCfg = Release|Win32
		{D0481C8D-589E-4A58-B416-15ED66722CE6}.Release|x86.Build.0 = Release|Win32
		{913C5A90-909B-4889-8D4F-1B946972A50D}.Debug|Any CPU.ActiveCfg = Debug|Win32
		{913C5A90-909B-4889-8D4F-1B946972A50D}.Debug|x64.ActiveCfg = Debug|x64
		{913C5A90-909B-4889-8D4F-1B946972A50D}.Debug|x64.Build.0 = Debug|x64
		{913C5A90-909B-4889-8D4F-1B946972A50D}.Debug|x86.ActiveCfg = Debug|Win32
		{913C5A90-909B-4889-8D4F-1B946972A50D}.Debug|x86.Build.0 = Debug|Win32
		{913C5A90-909B-4889-8D4F-1B946972A50D}.Release|Any CPU.ActiveCfg = Release|Win32
		{913C5A90-909B-4889-8D4F-1B946972A50D}.Release|x64.ActiveCfg = Release|x64
		{913C5A90-909B-4889-8D4F-1B946972A50D}.Release|x64.Build.0 = Release|x64
		{913C5A90-909B-4889-8D4F-1B946972A50D}.Release|x86.ActiveCfg = Release|Win32
		{913C5A90-909B-4889-8D4F-1B946972A50D}.Release|x86.Build.0 = Release|Win32
		{5A5DB68C-459F-4A8F-9E80-D7F2FFE2E1F9}.Debug|Any CPU.ActiveCfg = Debug|Win32
		{5A5DB68C-459F-4A8F-9E80-D7F2FFE2E1F9}.Debug|x64.ActiveCfg = Debug|x64
		{5A5DB68C-459F-4A8F-9E80-D7F2FFE2E1F9}.Debug|x64.Build.0 = Debug|x64
		{5A5DB68C-459F-4A8F-9E80-D7F2FFE2E1F9}.Debug|x86.ActiveCfg = Debug|Win32
		{5A5DB68C-459F-4A8F-9E80-D7F2FFE2E1F9}.Debug|x86.Build.0 = Debug|Win32
		{5A5DB68C-459F-4A8F-9E80-D7F2FFE2E1F9}.Release|Any CPU.ActiveCfg = Release|Win32
		{5A5DB68C-459F-4A8F-9E80-D7F2FFE2E1F9}.Release|x64.ActiveCfg = Release|x64
		{5A5DB68C-459F-4A8F-9E80-D7F2FFE2E1F9}.Release|x64.Build.0 = Release|x64
		{5A5DB68C-459F-4A8F-9E80-D7F2FFE2E1F9}.Release|x86.ActiveCfg = Release|Win32
		{5A5DB68C-459F-4A8F-9E80-D7F2FFE2E1F9}.Release|x86.Build.0 = Release|Win32
		{58E05D67-EF58-4D94-8A31-D26B87AE4FEE}.Debug|Any CPU.ActiveCfg = Debug|Win32
		{58E05D67-EF58-4D94-8A31-D26B87AE4FEE}.Debug|x64.ActiveCfg = Debug|x64
		{58E05D67-EF58-4D94-8A31-D26B87AE4FEE}.Debug|x64.Build.0 = Debug|x64
		{58E05D67-EF58-4D94-8A31-D26B87AE4FEE}.Debug|x86.ActiveCfg = Debug|Win32
		{58E05D67-EF58-4D94-8A31-D26B87AE4FEE}.Debug|x86.Build.0 = Debug|Win32
		{58E05D67-EF58-4D94-8A31-D26B87AE4FEE}.Release|Any CPU.ActiveCfg = Release|Win32
		{58E05D67-EF58-4D94-8A31-D26B87AE4FEE}.Release|x64.ActiveCfg = Release|x64
		{58E05D67-EF58-4D94-8A31-D26B87AE4FEE}.Release|x64.Build.0 = Release|x64
		{58E05D67-EF58-4D94-8A31-D26B87AE4FEE}.Release|x86.ActiveCfg = Release|Win32
		{58E05D67-EF58-4D94-8A31-D26B87AE4FEE}.Release|x86.Build.0 = Release|Win32
		{8203429B-CC82-4835-B1DE-E441FC88F6EF}.Debug|Any CPU.ActiveCfg = Debug|Win32
		{8203429B-CC82-4835-B1DE-E441FC88F6EF}.Debug|x64.ActiveCfg = Debug|x64
		{8203429B-CC82-4835-B1DE-E441FC88F6EF}.Debug|x64.Build.0 = Debug|x64
		{8203429B-CC82-4835-B1DE-E441FC88F6EF}.Debug|x86.ActiveCfg = Debug|Win32
		{8203429B-CC82-4835-B1DE-E441FC88F6EF}.Debug|x86.Build.0 = Debug|Win32
		{8203429B-CC82-4835-B1DE-E441FC88F6EF}.Release|Any CPU.ActiveCfg = Release|Win32
		{8203429B-CC82-4835-B1DE-E441FC88F6EF}.Release|x64.ActiveCfg = Release|x64
		{8203429B-CC82-4835-B1DE-E441FC88F6EF}.Release|x64.Build.0 = Release|x64
		{8203429B-CC82-4835-B1DE-E441FC88F6EF}.Release|x86.ActiveCfg = Release|Win32
		{8203429B-CC82-4835-B1DE-E441FC88F6EF}.Release|x86.Build.0 = Release|Win32
		{63D49820-8F35-466B-BFFA-23233E324874}.Debug|Any CPU.ActiveCfg = Debug|Win32
		{63D49820-8F35-466B-BFFA-23233E324874}.Debug|x64.ActiveCfg = Debug|x64
		{63D49820-8F35-466B-BFFA-23233E324874}.Debug|x64.Build.0 = Debug|x64
		{63D49820-8F35-466B-BFFA-23233E324874}.Debug|x86.ActiveCfg = Debug|Win32
		{63D49820-8F35-466B-BFFA-23233E324874}.Debug|x86.Build.0 = Debug|Win32
		{63D49820-8F35-466B-BFFA-23233E324874}.Release|Any CPU.ActiveCfg = Release|Win32
		{63D49820-8F35-466B-BFFA-23233E324874}.Release|x64.ActiveCfg = Release|x64
		{63D49820-8F35-466B-BFFA-23233E324874}.Release|x64.Build.0 = Release|x64
		{63D49820-8F35-466B-BFFA-23233E324874}.Release|x86.ActiveCfg = Release|Win32
		{63D49820-8F35-466B-BFFA-23233E324874}.Release|x86.Build.0 = Release|Win32
		{A8EB727B-70DC-4113-917C-67145FC7A404}.Debug|Any CPU.ActiveCfg = Debug|Win32
		{A8EB727B-70DC-4113-917C-67145FC7A404}.Debug|x64.ActiveCfg = Debug|x64
		{A8EB727B-70DC-4113-917C-67145FC7A404}.Debug|x64.Build.0 = Debug|x64
		{A8EB727B-70DC-4113-917C-67145FC7A404}.Debug|x86.ActiveCfg = Debug|Win32
		{A8EB727B-70DC-4113-917C-67145FC7A404}.Debug|x86.Build.0 = Debug|Win32
		{A8EB727B-70DC-4113-917C-67145FC7A404}.Release|Any CPU.ActiveCfg = Release|Win32
		{A8EB727B-70DC-4113-917C-67145FC7A404}.Release|x64.ActiveCfg = Release|x64
		{A8EB727B-70DC-4113-917C-67145FC7A404}.Release|x64.Build.0 = Release|x64
		{A8EB727B-70DC-4113-917C-67145FC7A404}.Release|x86.ActiveCfg = Release|Win32
		{A8EB727B-70DC-4113-917C-67145FC7A404}.Release|x86.Build.0 = Release|Win32
		{F6704666-CCB7-4B36-AF31-1D5A32ED5AF3}.Debug|Any CPU.ActiveCfg = Debug|Win32
		{F6704666-CCB7-4B36-AF31-1D5A32ED5AF3}.Debug|x64.ActiveCfg = Debug|x64
		{F6704666-CCB7-4B36-AF31-1D5A32ED5AF3}.Debug|x64.Build.0 = Debug|x64
		{F6704666-CCB7-4B36-AF31-1D5A32ED5AF3}.Debug|x86.ActiveCfg = Debug|Win32
		{F6704666-CCB7-4B36-AF31-1D5A32ED5AF3}.Debug|x86.Build.0 = Debug|Win32
		{F6704666-CCB7-4B36-AF31-1D5A32ED5AF3}.Release|Any CPU.ActiveCfg = Release|Win32
		{F6704666-CCB7-4B36-AF31-1D5A32ED5AF3}.Release|x64.ActiveCfg = Release|x64
		{F6704666-CCB7-4B36-AF31-1D5A32ED5AF3}.Release|x64.Build.0 = Release|x64
		{F6704666-CCB7-4B36-AF31-1D5A32ED5AF3}.Release|x86.ActiveCfg = Release|Win32
		{F6704666-CCB7-4B36-AF31-1D5A32ED5AF3}.Release|x86.Build.0 = Release|Win32
		{3EE32BF3-CEC7-4B95-A2BE-7801AAC1CC2A}.Debug|Any CPU.ActiveCfg = Debug|Win32
		{3EE32BF3-CEC7-4B95-A2BE-7801AAC1CC2A}.Debug|x64.ActiveCfg = Debug|x64
		{3EE32BF3-CEC7-4B95-A2BE-7801AAC1CC2A}.Debug|x64.Build.0 = Debug|x64
		{3EE32BF3-CEC7-4B95-A2BE-7801AAC1CC2A}.Debug|x86.ActiveCfg = Debug|Win32
		{3EE32BF3-CEC7-4B95-A2BE-7801AAC1CC2A}.Debug|x86.Build.0 = Debug|Win32
		{3EE32BF3-CEC7-4B95-A2BE-7801AAC1CC2A}.Release|Any CPU.ActiveCfg = Release|Win32
		{3EE32BF3-CEC7-4B95-A2BE-7801AAC1CC2A}.Release|x64.ActiveCfg = Release|x64
		{3EE32BF3-CEC7-4B95-A2BE-7801AAC1CC2A}.Release|x64.Build.0 = Release|x64
		{3EE32BF3-CEC7-4B95-A2BE-7801AAC1CC2A}.Release|x86.ActiveCfg = Release|Win32
		{3EE32BF3-CEC7-4B95-A2BE-7801AAC1CC2A}.Release|x86.Build.0 = Release|Win32
		{8DFEE3BF-6132-4ECE-881E-926723EDFFA6}.Debug|Any CPU.ActiveCfg = Debug|Win32
		{8DFEE3BF-6132-4ECE-881E-926723EDFFA6}.Debug|x64.ActiveCfg = Debug|x64
		{8DFEE3BF-6132-4ECE-881E-926723EDFFA6}.Debug|x64.Build.0 = Debug|x64
		{8DFEE3BF-6132-4ECE-881E-926723EDFFA6}.Debug|x86.ActiveCfg = Debug|Win32
		{8DFEE3BF-6132-4ECE-881E-926723EDFFA6}.Debug|x86.Build.0 = Debug|Win32
		{8DFEE3BF-6132-4ECE-881E-926723EDFFA6}.Release|Any CPU.ActiveCfg = Release|Win32
		{8DFEE3BF-6132-4ECE-881E-926723EDFFA6}.Release|x64.ActiveCfg = Release|x64
		{8DFEE3BF-6132-4ECE-881E-926723EDFFA6}.Release|x64.Build.0 = Release|x64
		{8DFEE3BF-6132-4ECE-881E-926723EDFFA6}.Release|x86.ActiveCfg = Release|Win32
		{8DFEE3BF-6132-4ECE-881E-926723EDFFA6}.Release|x86.Build.0 = Release|Win32
		{415D9CDE-037D-4ACD-A75A-A653011D1C92}.Debug|Any CPU.ActiveCfg = Debug|Win32
		{415D9CDE-037D-4ACD-A75A-A653011D1C92}.Debug|x64.ActiveCfg = Debug|x64
		{415D9CDE-037D-4ACD-A75A-A653011D1C92}.Debug|x64.Build.0 = Debug|x64
		{415D9CDE-037D-4ACD-A75A-A653011D1C92}.Debug|x86.ActiveCfg = Debug|Win32
		{415D9CDE-037D-4ACD-A75A-A653011D1C92}.Debug|x86.Build.0 = Debug|Win32
		{415D9CDE-037D-4ACD-A75A-A653011D1C92}.Release|Any CPU.ActiveCfg = Release|Win32
		{415D9CDE-037D-4ACD-A75A-A653011D1C92}.Release|x64.ActiveCfg = Release|x64
		{415D9CDE-037D-4ACD-A75A-A653011D1C92}.Release|x64.Build.0 = Release|x64
		{415D9CDE-037D-4ACD-A75A-A653011D1C92}.Release|x86.ActiveCfg = Release|Win32
		{415D9CDE-037D-4ACD-A75A-A653011D1C92}.Release|x86.Build.0 = Release|Win32
		{96019C78-C4AC-4704-9DC9-AEB0D5F7DAAB}.Debug|Any CPU.ActiveCfg = Debug|Win32
		{96019C78-C4AC-4704-9DC9-AEB0D5F7DAAB}.Debug|x64.ActiveCfg = Debug|x64
		{96019C78-C4AC-4704-9DC9-AEB0D5F7DAAB}.Debug|x64.Build.0 = Debug|x64
		{96019C78-C4AC-4704-9DC9-AEB0D5F7DAAB}.Debug|x86.ActiveCfg = Debug|Win32
		{96019C78-C4AC-4704-9DC9-AEB0D5F7DAAB}.Debug|x86.Build.0 = Debug|Win32
		{96019C78-C4AC-4704-9DC9-AEB0D5F7DAAB}.Release|Any CPU.ActiveCfg = Release|Win32
		{96019C78-C4AC-4704-9DC9-AEB0D5F7DAAB}.Release|x64.ActiveCfg = Release|x64
		{96019C78-C4AC-4704-9DC9-AEB0D5F7DAAB}.Release|x64.Build.0 = Release|x64
		{96019C78-C4AC-4704-9DC9-AEB0D5F7DAAB}.Release|x86.ActiveCfg = Release|Win32
		{96019C78-C4AC-4704-9DC9-AEB0D5F7DAAB}.Release|x86.Build.0 = Release|Win32
		{1131DE89-07A4-4F81-977C-D545A37D2162}.Debug|Any CPU.ActiveCfg = Debug|Win32
		{1131DE89-07A4-4F81-977C-D545A37D2162}.Debug|x64.ActiveCfg = Debug|x64
		{1131DE89-07A4-4F81-977C-D545A37D2162}.Debug|x64.Build.0 = Debug|x64
		{1131DE89-07A4-4F81-977C-D545A37D2162}.Debug|x86.ActiveCfg = Debug|Win32
		{1131DE89-07A4-4F81-977C-D545A37D2162}.Debug|x86.Build.0 = Debug|Win32
		{1131DE89-07A4-4F81-977C-D545A37D2162}.Release|Any CPU.ActiveCfg = Release|Win32
		{1131DE89-07A4-4F81-977C-D545A37D2162}.Release|x64.ActiveCfg = Release|x64
		{1131DE89-07A4-4F81-977C-D545A37D2162}.Release|x64.Build.0 = Release|x64
		{1131DE89-07A4-4F81-977C-D545A37D2162}.Release|x86.ActiveCfg = Release|Win32
		{1131DE89-07A4-4F81-977C-D545A37D2162}.Release|x86.Build.0 = Release|Win32
		{75702544-C490-4CDA-A483-31FD3070AACD}.Debug|Any CPU.ActiveCfg = Debug|Win32
		{75702544-C490-4CDA-A483-31FD3070AACD}.Debug|x64.ActiveCfg = Debug|x64
		{75702544-C490-4CDA-A483-31FD3070AACD}.Debug|x64.Build.0 = Debug|x64
		{75702544-C490-4CDA-A483-31FD3070AACD}.Debug|x86.ActiveCfg = Debug|Win32
		{75702544-C490-4CDA-A483-31FD3070AACD}.Debug|x86.Build.0 = Debug|Win32
		{75702544-C490-4CDA-A483-31FD3070AACD}.Release|Any CPU.ActiveCfg = Release|Win32
		{75702544-C490-4CDA-A483-31FD3070AACD}.Release|x64.ActiveCfg = Release|x64
		{75702544-C490-4CDA-A483-31FD3070AACD}.Release|x64.Build.0 = Release|x64
		{75702544-C490-4CDA-A483-31FD3070AACD}.Release|x86.ActiveCfg = Release|Win32
		{75702544-C490-4CDA-A483-31FD3070AACD}.Release|x86.Build.0 = Release|Win32
		{942905AB-F8C3-4941-ABA8-181989ACC12C}.Debug|Any CPU.ActiveCfg = Debug|Any CPU
		{942905AB-F8C3-4941-ABA8-181989ACC12C}.Debug|Any CPU.Build.0 = Debug|Any CPU
		{942905AB-F8C3-4941-ABA8-181989ACC12C}.Debug|x64.ActiveCfg = Debug|Any CPU
		{942905AB-F8C3-4941-ABA8-181989ACC12C}.Debug|x64.Build.0 = Debug|Any CPU
		{942905AB-F8C3-4941-ABA8-181989ACC12C}.Debug|x86.ActiveCfg = Debug|Any CPU
		{942905AB-F8C3-4941-ABA8-181989ACC12C}.Debug|x86.Build.0 = Debug|Any CPU
		{942905AB-F8C3-4941-ABA8-181989ACC12C}.Release|Any CPU.ActiveCfg = Release|Any CPU
		{942905AB-F8C3-4941-ABA8-181989ACC12C}.Release|Any CPU.Build.0 = Release|Any CPU
		{942905AB-F8C3-4941-ABA8-181989ACC12C}.Release|x64.ActiveCfg = Release|Any CPU
		{942905AB-F8C3-4941-ABA8-181989ACC12C}.Release|x64.Build.0 = Release|Any CPU
		{942905AB-F8C3-4941-ABA8-181989ACC12C}.Release|x86.ActiveCfg = Release|Any CPU
		{942905AB-F8C3-4941-ABA8-181989ACC12C}.Release|x86.Build.0 = Release|Any CPU
		{2C4F12BD-D56F-434A-A938-689C9C92D6F4}.Debug|Any CPU.ActiveCfg = Debug|Win32
		{2C4F12BD-D56F-434A-A938-689C9C92D6F4}.Debug|x64.ActiveCfg = Debug|x64
		{2C4F12BD-D56F-434A-A938-689C9C92D6F4}.Debug|x64.Build.0 = Debug|x64
		{2C4F12BD-D56F-434A-A938-689C9C92D6F4}.Debug|x86.ActiveCfg = Debug|Win32
		{2C4F12BD-D56F-434A-A938-689C9C92D6F4}.Debug|x86.Build.0 = Debug|Win32
		{2C4F12BD-D56F-434A-A938-689C9C92D6F4}.Release|Any CPU.ActiveCfg = Release|Win32
		{2C4F12BD-D56F-434A-A938-689C9C92D6F4}.Release|x64.ActiveCfg = Release|x64
		{2C4F12BD-D56F-434A-A938-689C9C92D6F4}.Release|x64.Build.0 = Release|x64
		{2C4F12BD-D56F-434A-A938-689C9C92D6F4}.Release|x86.ActiveCfg = Release|Win32
		{2C4F12BD-D56F-434A-A938-689C9C92D6F4}.Release|x86.Build.0 = Release|Win32
	EndGlobalSection
	GlobalSection(SolutionProperties) = preSolution
		HideSolutionNode = FALSE
	EndGlobalSection
	GlobalSection(ExtensibilityGlobals) = postSolution
		SolutionGuid = {A7F67730-90F0-43CF-84F8-EB2C5CE54D67}
	EndGlobalSection
EndGlobal
